# This file was autogenerated by Stack.
# You should not edit this file by hand.
# For more information, please see the documentation at:
#   https://docs.haskellstack.org/en/stable/lock_files

snapshots:
- original: lts-17.9
  completed:
    sha256: d7d8d5106e53d1669964bd8bd2b0f88a5ad192d772f5376384b76738fd992311
    url: https://raw.githubusercontent.com/commercialhaskell/stackage-snapshots/master/lts/17/9.yaml
    size: 567037
packages:
- original:
    hackage: lazysmallcheck-0.6
  completed:
    pantry-tree:
      sha256: aea6b83dd91703fd130d98ecfed88b8f16841b22990c837c8fde89f9f6cca809
      size: 2008
    hackage: lazysmallcheck-0.6@sha256:dac7a1e4877681f1260309e863e896674dd6efc1159897b7945893e693f2a6bc,1696
- original:
    hackage: Stream-0.4.7.2
  completed:
    pantry-tree:
      sha256: 009fe33c4779bd1705a26f9b036f0996e9fc85df06418aec3dda967554e6ef83
      size: 207
    hackage: Stream-0.4.7.2@sha256:ed78165aa34c4e23dc53c9072f8715d414a585037f2145ea0eb2b38300354c53,1009
- original:
    hackage: arrows-0.4.4.2
  completed:
    pantry-tree:
      sha256: 153eac3a26d5922d3be968368125e5a31cc4347049732ef3a75920c4b9fda417
      size: 1035
    hackage: arrows-0.4.4.2@sha256:a260222b766da922657e302aa7c0409451913e1e503798a47a213a61ba382460,1235
- original:
    hackage: clash-prelude-1.4.1
  completed:
    pantry-tree:
      sha256: 63c7d1dbbf7324acea7a57e738d335cbaccc9446a0780e661031110020a1e3ad
      size: 11631
    hackage: clash-prelude-1.4.1@sha256:5087cf27a64192b46c366b018774f4cf359a8115fd1b515f6d7b38ac279204d9,16120
- original:
    hackage: clash-lib-1.4.1
  completed:
    pantry-tree:
      sha256: 61d2677e041f03337e631e536dd3f9e1fbc6b2ae3a73339bb0656f0dfb807b81
      size: 19521
    hackage: clash-lib-1.4.1@sha256:b5ee767c5826d0759d9a4ef8ed4afc1547a85c9535f69204c7d1d3699e757993,12829
- original:
    hackage: clash-ghc-1.4.1
  completed:
    pantry-tree:
      sha256: 788318766245747b6457fa377bf9842cd6ae744bc5d05579e712d25ca420449e
      size: 4073
    hackage: clash-ghc-1.4.1@sha256:1413360a83c8ae4ff9f3cc476b97b4470d60b96498517cb02bf67e6edf601d86,9011
